// !$*UTF8*$!
{
	archiveVersion = 1;
	classes = {
	};
	objectVersion = 55;
	objects = {

/* Begin PBXBuildFile section */
		6F48F11727ABB3F400C3F731 /* matmul_tiled_main.mm in Sources */ = {isa = PBXBuildFile; fileRef = 6F48F11627ABB3F400C3F731 /* matmul_tiled_main.mm */; };
		6F48F11C27AD10F300C3F731 /* matmul_tiled_fp32.metal in Sources */ = {isa = PBXBuildFile; fileRef = 6F48F11B27AD10F300C3F731 /* matmul_tiled_fp32.metal */; };
		6FDEB2232799A9740060973F /* mad_throughput_main.mm in Sources */ = {isa = PBXBuildFile; fileRef = 6FDEB2222799A9740060973F /* mad_throughput_main.mm */; };
		6FDEB22A2799A9DC0060973F /* mad_throughput.metal in Sources */ = {isa = PBXBuildFile; fileRef = 6FDEB2292799A9DC0060973F /* mad_throughput.metal */; };
/* End PBXBuildFile section */

/* Begin PBXCopyFilesBuildPhase section */
		6F48F11227ABB3F400C3F731 /* CopyFiles */ = {
			isa = PBXCopyFilesBuildPhase;
			buildActionMask = 2147483647;
			dstPath = /usr/share/man/man1/;
			dstSubfolderSpec = 0;
			files = (
			);
			runOnlyForDeploymentPostprocessing = 1;
		};
		6FDEB21D2799A9740060973F /* CopyFiles */ = {
			isa = PBXCopyFilesBuildPhase;
			buildActionMask = 2147483647;
			dstPath = /usr/share/man/man1/;
			dstSubfolderSpec = 0;
			files = (
			);
			runOnlyForDeploymentPostprocessing = 1;
		};
/* End PBXCopyFilesBuildPhase section */

/* Begin PBXFileReference section */
		6F3D11A927D73DC9007EA7D7 /* matmul_tiled_fp32.h */ = {isa = PBXFileReference; fileEncoding = 4; lastKnownFileType = sourcecode.c.h; name = matmul_tiled_fp32.h; path = matmul/matmul_tiled_fp32.h; sourceTree = SOURCE_ROOT; };
		6F48F11427ABB3F400C3F731 /* matmul */ = {isa = PBXFileReference; explicitFileType = "compiled.mach-o.executable"; includeInIndex = 0; path = matmul; sourceTree = BUILT_PRODUCTS_DIR; };
		6F48F11627ABB3F400C3F731 /* matmul_tiled_main.mm */ = {isa = PBXFileReference; lastKnownFileType = sourcecode.cpp.objcpp; path = matmul_tiled_main.mm; sourceTree = "<group>"; };
		6F48F11B27AD10F300C3F731 /* matmul_tiled_fp32.metal */ = {isa = PBXFileReference; lastKnownFileType = sourcecode.metal; path = matmul_tiled_fp32.metal; sourceTree = "<group>"; };
		6FDEB21F2799A9740060973F /* mad_throughput */ = {isa = PBXFileReference; explicitFileType = "compiled.mach-o.executable"; includeInIndex = 0; path = mad_throughput; sourceTree = BUILT_PRODUCTS_DIR; };
		6FDEB2222799A9740060973F /* mad_throughput_main.mm */ = {isa = PBXFileReference; lastKnownFileType = sourcecode.cpp.objcpp; path = mad_throughput_main.mm; sourceTree = "<group>"; };
		6FDEB2292799A9DC0060973F /* mad_throughput.metal */ = {isa = PBXFileReference; lastKnownFileType = sourcecode.metal; path = mad_throughput.metal; sourceTree = "<group>"; };
/* End PBXFileReference section */

/* Begin PBXFrameworksBuildPhase section */
		6F48F11127ABB3F400C3F731 /* Frameworks */ = {
			isa = PBXFrameworksBuildPhase;
			buildActionMask = 2147483647;
			files = (
			);
			runOnlyForDeploymentPostprocessing = 0;
		};
		6FDEB21C2799A9740060973F /* Frameworks */ = {
			isa = PBXFrameworksBuildPhase;
			buildActionMask = 2147483647;
			files = (
			);
			runOnlyForDeploymentPostprocessing = 0;
		};
/* End PBXFrameworksBuildPhase section */

/* Begin PBXGroup section */
		6F48F11527ABB3F400C3F731 /* matmul */ = {
			isa = PBXGroup;
			children = (
				6F3D11A927D73DC9007EA7D7 /* matmul_tiled_fp32.h */,
				6F48F11627ABB3F400C3F731 /* matmul_tiled_main.mm */,
				6F48F11B27AD10F300C3F731 /* matmul_tiled_fp32.metal */,
			);
			path = matmul;
			sourceTree = "<group>";
		};
		6FDEB2162799A9740060973F = {
			isa = PBXGroup;
			children = (
				6FDEB2212799A9740060973F /* mad_throughput */,
				6F48F11527ABB3F400C3F731 /* matmul */,
				6FDEB2202799A9740060973F /* Products */,
			);
			sourceTree = "<group>";
		};
		6FDEB2202799A9740060973F /* Products */ = {
			isa = PBXGroup;
			children = (
				6FDEB21F2799A9740060973F /* mad_throughput */,
				6F48F11427ABB3F400C3F731 /* matmul */,
			);
			name = Products;
			sourceTree = "<group>";
		};
		6FDEB2212799A9740060973F /* mad_throughput */ = {
			isa = PBXGroup;
			children = (
				6FDEB2222799A9740060973F /* mad_throughput_main.mm */,
				6FDEB2292799A9DC0060973F /* mad_throughput.metal */,
			);
			path = mad_throughput;
			sourceTree = "<group>";
		};
/* End PBXGroup section */

/* Begin PBXNativeTarget section */
		6F48F11327ABB3F400C3F731 /* matmul */ = {
			isa = PBXNativeTarget;
			buildConfigurationList = 6F48F11827ABB3F400C3F731 /* Build configuration list for PBXNativeTarget "matmul" */;
			buildPhases = (
				6F48F11027ABB3F400C3F731 /* Sources */,
				6F48F11127ABB3F400C3F731 /* Frameworks */,
				6F48F11227ABB3F400C3F731 /* CopyFiles */,
			);
			buildRules = (
			);
			dependencies = (
			);
			name = matmul;
			productName = matmul;
			productReference = 6F48F11427ABB3F400C3F731 /* matmul */;
			productType = "com.apple.product-type.tool";
		};
		6FDEB21E2799A9740060973F /* mad_throughput */ = {
			isa = PBXNativeTarget;
			buildConfigurationList = 6FDEB2262799A9740060973F /* Build configuration list for PBXNativeTarget "mad_throughput" */;
			buildPhases = (
				6FDEB21B2799A9740060973F /* Sources */,
				6FDEB21C2799A9740060973F /* Frameworks */,
				6FDEB21D2799A9740060973F /* CopyFiles */,
			);
			buildRules = (
			);
			dependencies = (
			);
			name = mad_throughput;
			productName = uMTLCompute;
			productReference = 6FDEB21F2799A9740060973F /* mad_throughput */;
			productType = "com.apple.product-type.tool";
		};
/* End PBXNativeTarget section */

/* Begin PBXProject section */
		6FDEB2172799A9740060973F /* Project object */ = {
			isa = PBXProject;
			attributes = {
				BuildIndependentTargetsInParallel = 1;
				LastUpgradeCheck = 1300;
				TargetAttributes = {
					6F48F11327ABB3F400C3F731 = {
						CreatedOnToolsVersion = 13.0;
					};
					6FDEB21E2799A9740060973F = {
						CreatedOnToolsVersion = 13.0;
					};
				};
			};
			buildConfigurationList = 6FDEB21A2799A9740060973F /* Build configuration list for PBXProject "uMTLCompute" */;
			compatibilityVersion = "Xcode 13.0";
			developmentRegion = en;
			hasScannedForEncodings = 0;
			knownRegions = (
				en,
				Base,
			);
			mainGroup = 6FDEB2162799A9740060973F;
			productRefGroup = 6FDEB2202799A9740060973F /* Products */;
			projectDirPath = "";
			projectRoot = "";
			targets = (
				6FDEB21E2799A9740060973F /* mad_throughput */,
				6F48F11327ABB3F400C3F731 /* matmul */,
			);
		};
/* End PBXProject section */

/* Begin PBXSourcesBuildPhase section */
		6F48F11027ABB3F400C3F731 /* Sources */ = {
			isa = PBXSourcesBuildPhase;
			buildActionMask = 2147483647;
			files = (
				6F48F11727ABB3F400C3F731 /* matmul_tiled_main.mm in Sources */,
				6F48F11C27AD10F300C3F731 /* matmul_tiled_fp32.metal in Sources */,
			);
			runOnlyForDeploymentPostprocessing = 0;
		};
		6FDEB21B2799A9740060973F /* Sources */ = {
			isa = PBXSourcesBuildPhase;
			buildActionMask = 2147483647;
			files = (
				6FDEB22A2799A9DC0060973F /* mad_throughput.metal in Sources */,
				6FDEB2232799A9740060973F /* mad_throughput_main.mm in Sources */,
			);
			runOnlyForDeploymentPostprocessing = 0;
		};
/* End PBXSourcesBuildPhase section */

/* Begin XCBuildConfiguration section */
		6F48F11927ABB3F400C3F731 /* Debug */ = {
			isa = XCBuildConfiguration;
			buildSettings = {
				CODE_SIGN_STYLE = Automatic;
				DEVELOPMENT_TEAM = 944X7DK43Y;
				ENABLE_HARDENED_RUNTIME = YES;
				MTL_COMPILER_FLAGS = "-funroll-loops";
				OTHER_LDFLAGS = (
					"-framework",
					Metal,
				);
				PRODUCT_NAME = "$(TARGET_NAME)";
			};
			name = Debug;
		};
		6F48F11A27ABB3F400C3F731 /* Release */ = {
			isa = XCBuildConfiguration;
			buildSettings = {
				CODE_SIGN_STYLE = Automatic;
				DEVELOPMENT_TEAM = 944X7DK43Y;
				ENABLE_HARDENED_RUNTIME = YES;
				MTL_COMPILER_FLAGS = "-funroll-loops";
				OTHER_LDFLAGS = (
					"-framework",
					Metal,
				);
				PRODUCT_NAME = "$(TARGET_NAME)";
			};
			name = Release;
		};
		6FDEB2242799A9740060973F /* Debug */ = {
			isa = XCBuildConfiguration;
			buildSettings = {
				ALWAYS_SEARCH_USER_PATHS = NO;
				CLANG_ANALYZER_NONNULL = YES;
				CLANG_ANALYZER_NUMBER_OBJECT_CONVERSION = YES_AGGRESSIVE;
				CLANG_CXX_LANGUAGE_STANDARD = "gnu++17";
				CLANG_CXX_LIBRARY = "libc++";
				CLANG_ENABLE_MODULES = YES;
				CLANG_ENABLE_OBJC_ARC = YES;
				CLANG_ENABLE_OBJC_WEAK = YES;
				CLANG_WARN_BLOCK_CAPTURE_AUTORELEASING = YES;
				CLANG_WARN_BOOL_CONVERSION = YES;
				CLANG_WARN_COMMA = YES;
				CLANG_WARN_CONSTANT_CONVERSION = YES;
				CLANG_WARN_DEPRECATED_OBJC_IMPLEMENTATIONS = YES;
				CLANG_WARN_DIRECT_OBJC_ISA_USAGE = YES_ERROR;
				CLANG_WARN_DOCUMENTATION_COMMENTS = YES;
				CLANG_WARN_EMPTY_BODY = YES;
				CLANG_WARN_ENUM_CONVERSION = YES;
				CLANG_WARN_INFINITE_RECURSION = YES;
				CLANG_WARN_INT_CONVERSION = YES;
				CLANG_WARN_NON_LITERAL_NULL_CONVERSION = YES;
				CLANG_WARN_OBJC_IMPLICIT_RETAIN_SELF = YES;
				CLANG_WARN_OBJC_LITERAL_CONVERSION = YES;
				CLANG_WARN_OBJC_ROOT_CLASS = YES_ERROR;
				CLANG_WARN_QUOTED_INCLUDE_IN_FRAMEWORK_HEADER = YES;
				CLANG_WARN_RANGE_LOOP_ANALYSIS = YES;
				CLANG_WARN_STRICT_PROTOTYPES = YES;
				CLANG_WARN_SUSPICIOUS_MOVE = YES;
				CLANG_WARN_UNGUARDED_AVAILABILITY = YES_AGGRESSIVE;
				CLANG_WARN_UNREACHABLE_CODE = YES;
				CLANG_WARN__DUPLICATE_METHOD_MATCH = YES;
				COPY_PHASE_STRIP = NO;
				DEBUG_INFORMATION_FORMAT = dwarf;
				ENABLE_STRICT_OBJC_MSGSEND = YES;
				ENABLE_TESTABILITY = YES;
				GCC_C_LANGUAGE_STANDARD = gnu11;
				GCC_DYNAMIC_NO_PIC = NO;
				GCC_NO_COMMON_BLOCKS = YES;
				GCC_OPTIMIZATION_LEVEL = 0;
				GCC_PREPROCESSOR_DEFINITIONS = (
					"DEBUG=1",
					"$(inherited)",
				);
				GCC_WARN_64_TO_32_BIT_CONVERSION = YES;
				GCC_WARN_ABOUT_RETURN_TYPE = YES_ERROR;
				GCC_WARN_UNDECLARED_SELECTOR = YES;
				GCC_WARN_UNINITIALIZED_AUTOS = YES_AGGRESSIVE;
				GCC_WARN_UNUSED_FUNCTION = YES;
				GCC_WARN_UNUSED_VARIABLE = YES;
				MACOSX_DEPLOYMENT_TARGET = 11.3;
				MTL_ENABLE_DEBUG_INFO = INCLUDE_SOURCE;
				MTL_FAST_MATH = YES;
				ONLY_ACTIVE_ARCH = YES;
				SDKROOT = macosx;
			};
			name = Debug;
		};
		6FDEB2252799A9740060973F /* Release */ = {
			isa = XCBuildConfiguration;
			buildSettings = {
				ALWAYS_SEARCH_USER_PATHS = NO;
				CLANG_ANALYZER_NONNULL = YES;
				CLANG_ANALYZER_NUMBER_OBJECT_CONVERSION = YES_AGGRESSIVE;
				CLANG_CXX_LANGUAGE_STANDARD = "gnu++17";
				CLANG_CXX_LIBRARY = "libc++";
				CLANG_ENABLE_MODULES = YES;
				CLANG_ENABLE_OBJC_ARC = YES;
				CLANG_ENABLE_OBJC_WEAK = YES;
				CLANG_WARN_BLOCK_CAPTURE_AUTORELEASING = YES;
				CLANG_WARN_BOOL_CONVERSION = YES;
				CLANG_WARN_COMMA = YES;
				CLANG_WARN_CONSTANT_CONVERSION = YES;
				CLANG_WARN_DEPRECATED_OBJC_IMPLEMENTATIONS = YES;
				CLANG_WARN_DIRECT_OBJC_ISA_USAGE = YES_ERROR;
				CLANG_WARN_DOCUMENTATION_COMMENTS = YES;
				CLANG_WARN_EMPTY_BODY = YES;
				CLANG_WARN_ENUM_CONVERSION = YES;
				CLANG_WARN_INFINITE_RECURSION = YES;
				CLANG_WARN_INT_CONVERSION = YES;
				CLANG_WARN_NON_LITERAL_NULL_CONVERSION = YES;
				CLANG_WARN_OBJC_IMPLICIT_RETAIN_SELF = YES;
				CLANG_WARN_OBJC_LITERAL_CONVERSION = YES;
				CLANG_WARN_OBJC_ROOT_CLASS = YES_ERROR;
				CLANG_WARN_QUOTED_INCLUDE_IN_FRAMEWORK_HEADER = YES;
				CLANG_WARN_RANGE_LOOP_ANALYSIS = YES;
				CLANG_WARN_STRICT_PROTOTYPES = YES;
				CLANG_WARN_SUSPICIOUS_MOVE = YES;
				CLANG_WARN_UNGUARDED_AVAILABILITY = YES_AGGRESSIVE;
				CLANG_WARN_UNREACHABLE_CODE = YES;
				CLANG_WARN__DUPLICATE_METHOD_MATCH = YES;
				COPY_PHASE_STRIP = NO;
				DEBUG_INFORMATION_FORMAT = "dwarf-with-dsym";
				ENABLE_NS_ASSERTIONS = NO;
				ENABLE_STRICT_OBJC_MSGSEND = YES;
				GCC_C_LANGUAGE_STANDARD = gnu11;
				GCC_NO_COMMON_BLOCKS = YES;
				GCC_WARN_64_TO_32_BIT_CONVERSION = YES;
				GCC_WARN_ABOUT_RETURN_TYPE = YES_ERROR;
				GCC_WARN_UNDECLARED_SELECTOR = YES;
				GCC_WARN_UNINITIALIZED_AUTOS = YES_AGGRESSIVE;
				GCC_WARN_UNUSED_FUNCTION = YES;
				GCC_WARN_UNUSED_VARIABLE = YES;
				MACOSX_DEPLOYMENT_TARGET = 11.3;
				MTL_ENABLE_DEBUG_INFO = NO;
				MTL_FAST_MATH = YES;
				SDKROOT = macosx;
			};
			name = Release;
		};
		6FDEB2272799A9740060973F /* Debug */ = {
			isa = XCBuildConfiguration;
			buildSettings = {
				CODE_SIGN_STYLE = Automatic;
				DEVELOPMENT_TEAM = 944X7DK43Y;
				ENABLE_HARDENED_RUNTIME = YES;
				OTHER_LDFLAGS = (
					"-framework",
					Metal,
				);
				PRODUCT_NAME = "$(TARGET_NAME)";
			};
			name = Debug;
		};
		6FDEB2282799A9740060973F /* Release */ = {
			isa = XCBuildConfiguration;
			buildSettings = {
				CODE_SIGN_STYLE = Automatic;
				DEVELOPMENT_TEAM = 944X7DK43Y;
				ENABLE_HARDENED_RUNTIME = YES;
				OTHER_LDFLAGS = (
					"-framework",
					Metal,
				);
				PRODUCT_NAME = "$(TARGET_NAME)";
			};
			name = Release;
		};
/* End XCBuildConfiguration section */

/* Begin XCConfigurationList section */
		6F48F11827ABB3F400C3F731 /* Build configuration list for PBXNativeTarget "matmul" */ = {
			isa = XCConfigurationList;
			buildConfigurations = (
				6F48F11927ABB3F400C3F731 /* Debug */,
				6F48F11A27ABB3F400C3F731 /* Release */,
			);
			defaultConfigurationIsVisible = 0;
			defaultConfigurationName = Release;
		};
		6FDEB21A2799A9740060973F /* Build configuration list for PBXProject "uMTLCompute" */ = {
			isa = XCConfigurationList;
			buildConfigurations = (
				6FDEB2242799A9740060973F /* Debug */,
				6FDEB2252799A9740060973F /* Release */,
			);
			defaultConfigurationIsVisible = 0;
			defaultConfigurationName = Release;
		};
		6FDEB2262799A9740060973F /* Build configuration list for PBXNativeTarget "mad_throughput" */ = {
			isa = XCConfigurationList;
			buildConfigurations = (
				6FDEB2272799A9740060973F /* Debug */,
				6FDEB2282799A9740060973F /* Release */,
			);
			defaultConfigurationIsVisible = 0;
			defaultConfigurationName = Release;
		};
/* End XCConfigurationList section */
	};
	rootObject = 6FDEB2172799A9740060973F /* Project object */;
}
